<?xml version="1.0" encoding="utf-8"?>
<Project ToolsVersion="4.0" xmlns="http://schemas.microsoft.com/developer/msbuild/2003">
  <ItemGroup>
    <Filter Include="Исходные файлы">
      <UniqueIdentifier>{4FC737F1-C7A5-4376-A066-2A32D752A2FF}</UniqueIdentifier>
      <Extensions>cpp;c;cc;cxx;def;odl;idl;hpj;bat;asm;asmx</Extensions>
    </Filter>
    <Filter Include="Файлы заголовков">
      <UniqueIdentifier>{93995380-89BD-4b04-88EB-625FBE52EBFB}</UniqueIdentifier>
      <Extensions>h;hh;hpp;hxx;hm;inl;inc;ipp;xsd</Extensions>
    </Filter>
    <Filter Include="Файлы ресурсов">
      <UniqueIdentifier>{67DA6AB6-F800-4c08-8B7A-83BB121AAD01}</UniqueIdentifier>
      <Extensions>rc;ico;cur;bmp;dlg;rc2;rct;bin;rgs;gif;jpg;jpeg;jpe;resx;tiff;tif;png;wav;mfcribbon-ms</Extensions>
    </Filter>
    <Filter Include="Файлы ресурсов\bm">
      <UniqueIdentifier>{8b7777e3-83d7-4549-ab29-5ca612105777}</UniqueIdentifier>
    </Filter>
  </ItemGroup>
  <ItemGroup>
    <ClCompile Include="Login.cpp">
      <Filter>Исходные файлы</Filter>
    </ClCompile>
    <ClCompile Include="DataBase.cpp">
      <Filter>Исходные файлы</Filter>
    </ClCompile>
    <ClCompile Include="vector_type.cpp">
      <Filter>Исходные файлы</Filter>
    </ClCompile>
    <ClCompile Include="DATerm.cpp">
      <Filter>Исходные файлы</Filter>
    </ClCompile>
    <ClCompile Include="RPProcessor.cpp">
      <Filter>Исходные файлы</Filter>
    </ClCompile>
    <ClCompile Include="Controls.cpp">
      <Filter>Исходные файлы</Filter>
    </ClCompile>
    <ClCompile Include="DATLib.cpp">
      <Filter>Исходные файлы</Filter>
    </ClCompile>
    <ClCompile Include="Operation.cpp">
      <Filter>Исходные файлы</Filter>
    </ClCompile>
    <ClCompile Include="Keypad.cpp">
      <Filter>Исходные файлы</Filter>
    </ClCompile>
    <ClCompile Include="Operations.cpp">
      <Filter>Исходные файлы</Filter>
    </ClCompile>
    <ClCompile Include="ResultWindow.cpp">
      <Filter>Исходные файлы</Filter>
    </ClCompile>
    <ClCompile Include="StateWindow.cpp">
      <Filter>Исходные файлы</Filter>
    </ClCompile>
    <ClCompile Include="TaskWindow.cpp">
      <Filter>Исходные файлы</Filter>
    </ClCompile>
    <ClCompile Include="CEdit.cpp">
      <Filter>Исходные файлы</Filter>
    </ClCompile>
    <ClCompile Include="CheckSyntax.cpp">
      <Filter>Исходные файлы</Filter>
    </ClCompile>
    <ClCompile Include="LineNum.cpp">
      <Filter>Исходные файлы</Filter>
    </ClCompile>
    <ClCompile Include="TermTool.cpp">
      <Filter>Исходные файлы</Filter>
    </ClCompile>
    <ClCompile Include="Transforms.cpp">
      <Filter>Исходные файлы</Filter>
    </ClCompile>
    <ClCompile Include="ETextComponent.cpp">
      <Filter>Исходные файлы</Filter>
    </ClCompile>
    <ClCompile Include="ERedoUndoComponent.cpp">
      <Filter>Исходные файлы</Filter>
    </ClCompile>
    <ClCompile Include="ERedoUndoUnit.cpp">
      <Filter>Исходные файлы</Filter>
    </ClCompile>
    <ClCompile Include="ESelectComponent.cpp">
      <Filter>Исходные файлы</Filter>
    </ClCompile>
    <ClCompile Include="EFace.cpp">
      <Filter>Исходные файлы</Filter>
    </ClCompile>
  </ItemGroup>
  <ItemGroup>
    <ClInclude Include="WinClasses.h">
      <Filter>Файлы заголовков</Filter>
    </ClInclude>
    <ClInclude Include="resource.h">
      <Filter>Файлы заголовков</Filter>
    </ClInclude>
    <ClInclude Include="Header.h">
      <Filter>Файлы заголовков</Filter>
    </ClInclude>
    <ClInclude Include="vector_type.h">
      <Filter>Файлы заголовков</Filter>
    </ClInclude>
    <ClInclude Include="DATerm.h">
      <Filter>Файлы заголовков</Filter>
    </ClInclude>
    <ClInclude Include="DATLib.h">
      <Filter>Файлы заголовков</Filter>
    </ClInclude>
    <ClInclude Include="Operation.h">
      <Filter>Файлы заголовков</Filter>
    </ClInclude>
    <ClInclude Include="Operations.h">
      <Filter>Файлы заголовков</Filter>
    </ClInclude>
    <ClInclude Include="Controls.h">
      <Filter>Файлы заголовков</Filter>
    </ClInclude>
    <ClInclude Include="Config.h">
      <Filter>Файлы заголовков</Filter>
    </ClInclude>
    <ClInclude Include="UserInfo.h">
      <Filter>Файлы заголовков</Filter>
    </ClInclude>
    <ClInclude Include="CEdit.h">
      <Filter>Файлы заголовков</Filter>
    </ClInclude>
    <ClInclude Include="CheckSyntax.h">
      <Filter>Файлы заголовков</Filter>
    </ClInclude>
    <ClInclude Include="CTable.h">
      <Filter>Файлы заголовков</Filter>
    </ClInclude>
    <ClInclude Include="LineNum.h">
      <Filter>Файлы заголовков</Filter>
    </ClInclude>
    <ClInclude Include="TermTool.h">
      <Filter>Файлы заголовков</Filter>
    </ClInclude>
    <ClInclude Include="TermResurses.h">
      <Filter>Файлы заголовков</Filter>
    </ClInclude>
    <ClInclude Include="Transforms.h">
      <Filter>Файлы заголовков</Filter>
    </ClInclude>
    <ClInclude Include="ETextComponent.h">
      <Filter>Файлы заголовков</Filter>
    </ClInclude>
    <ClInclude Include="ERedoUndoComponent.h">
      <Filter>Файлы заголовков</Filter>
    </ClInclude>
    <ClInclude Include="ERedoUndoUnit.h">
      <Filter>Файлы заголовков</Filter>
    </ClInclude>
    <ClInclude Include="ESelectComponent.h">
      <Filter>Файлы заголовков</Filter>
    </ClInclude>
    <ClInclude Include="EFace.h">
      <Filter>Файлы заголовков</Filter>
    </ClInclude>
  </ItemGroup>
  <ItemGroup>
    <ResourceCompile Include="Login V0.1.rc">
      <Filter>Файлы ресурсов</Filter>
    </ResourceCompile>
  </ItemGroup>
  <ItemGroup>
    <Text Include="Errors.txt">
      <Filter>Файлы ресурсов</Filter>
    </Text>
  </ItemGroup>
  <ItemGroup>
    <Library Include="libmysql.lib">
      <Filter>Файлы ресурсов</Filter>
    </Library>
  </ItemGroup>
  <ItemGroup>
    <Font Include="SetEditorBDFontNew.ttf">
      <Filter>Файлы ресурсов</Filter>
    </Font>
  </ItemGroup>
  <ItemGroup>
    <None Include="libmysql.dll">
      <Filter>Файлы ресурсов</Filter>
    </None>
  </ItemGroup>
  <ItemGroup>
    <Image Include="bm\Check.bmp">
      <Filter>Файлы ресурсов\bm</Filter>
    </Image>
    <Image Include="bm\Close.bmp">
      <Filter>Файлы ресурсов\bm</Filter>
    </Image>
    <Image Include="bm\DMarker_1.bmp">
      <Filter>Файлы ресурсов\bm</Filter>
    </Image>
    <Image Include="bm\DMarker_2.bmp">
      <Filter>Файлы ресурсов\bm</Filter>
    </Image>
    <Image Include="bm\DMarker_3.bmp">
      <Filter>Файлы ресурсов\bm</Filter>
    </Image>
    <Image Include="bm\DMarker_4.bmp">
      <Filter>Файлы ресурсов\bm</Filter>
    </Image>
    <Image Include="bm\DMarker_5.bmp">
      <Filter>Файлы ресурсов\bm</Filter>
    </Image>
    <Image Include="bm\LMarker_1.bmp">
      <Filter>Файлы ресурсов\bm</Filter>
    </Image>
    <Image Include="bm\LMarker_2.bmp">
      <Filter>Файлы ресурсов\bm</Filter>
    </Image>
    <Image Include="bm\LMarker_3.bmp">
      <Filter>Файлы ресурсов\bm</Filter>
    </Image>
    <Image Include="bm\LMarker_4.bmp">
      <Filter>Файлы ресурсов\bm</Filter>
    </Image>
    <Image Include="bm\LMarker_5.bmp">
      <Filter>Файлы ресурсов\bm</Filter>
    </Image>
    <Image Include="bm\Maximaze.bmp">
      <Filter>Файлы ресурсов\bm</Filter>
    </Image>
    <Image Include="bm\Minimaze.bmp">
      <Filter>Файлы ресурсов\bm</Filter>
    </Image>
    <Image Include="bm\Setting.bmp">
      <Filter>Файлы ресурсов\bm</Filter>
    </Image>
    <Image Include="bm\State.bmp">
      <Filter>Файлы ресурсов\bm</Filter>
    </Image>
    <Image Include="bm\Keypad.bmp">
      <Filter>Файлы ресурсов\bm</Filter>
    </Image>
  </ItemGroup>
</Project>